
Microsoft Visual Studio Solution File, Format Version 12.00
# Visual Studio 15
Project("{FAE04EC0-301F-11D3-BF4B-00C04F79EFBC}") = "Com.Costoda.ReferenceApp.Mac", "Com.Costoda.ReferenceApp.Mac\Com.Costoda.ReferenceApp.Mac.csproj", "{03B34C56-D840-4453-A778-5B637E6D6CC4}"
EndProject
Project("{FAE04EC0-301F-11D3-BF4B-00C04F79EFBC}") = "Com.Costoda.ReferenceApp.CoreLib", "Com.Costoda.ReferenceApp.CoreLib\Com.Costoda.ReferenceApp.CoreLib.csproj", "{88F783A3-558B-473D-A6AE-6B19D5EC1A07}"
EndProject
Global
	GlobalSection(SolutionConfigurationPlatforms) = preSolution
		Debug|Any CPU = Debug|Any CPU
		Release|Any CPU = Release|Any CPU
	EndGlobalSection
	GlobalSection(ProjectConfigurationPlatforms) = postSolution
		{03B34C56-D840-4453-A778-5B637E6D6CC4}.Debug|Any CPU.ActiveCfg = Debug|Any CPU
		{03B34C56-D840-4453-A778-5B637E6D6CC4}.Debug|Any CPU.Build.0 = Debug|Any CPU
		{03B34C56-D840-4453-A778-5B637E6D6CC4}.Release|Any CPU.ActiveCfg = Release|Any CPU
		{03B34C56-D840-4453-A778-5B637E6D6CC4}.Release|Any CPU.Build.0 = Release|Any CPU
		{88F783A3-558B-473D-A6AE-6B19D5EC1A07}.Debug|Any CPU.ActiveCfg = Debug|Any CPU
		{88F783A3-558B-473D-A6AE-6B19D5EC1A07}.Debug|Any CPU.Build.0 = Debug|Any CPU
		{88F783A3-558B-473D-A6AE-6B19D5EC1A07}.Release|Any CPU.ActiveCfg = Release|Any CPU
		{88F783A3-558B-473D-A6AE-6B19D5EC1A07}.Release|Any CPU.Build.0 = Release|Any CPU
	EndGlobalSection
EndGlobal
